version: 6
environments:
  default:
    channels:
    - url: https://conda.anaconda.org/conda-forge/
    - url: https://conda.anaconda.org/bioconda/
    indexes:
    - https://pypi.org/simple
    packages:
      linux-64:
      - conda: https://conda.anaconda.org/conda-forge/linux-64/_libgcc_mutex-0.1-conda_forge.tar.bz2
      - conda: https://conda.anaconda.org/conda-forge/linux-64/_openmp_mutex-4.5-2_gnu.tar.bz2
      - conda: https://conda.anaconda.org/conda-forge/linux-64/bzip2-1.0.8-h4bc722e_7.conda
      - conda: https://conda.anaconda.org/conda-forge/linux-64/ca-certificates-2025.1.31-hbcca054_0.conda
      - conda: https://conda.anaconda.org/conda-forge/linux-64/ld_impl_linux-64-2.43-h712a8e2_4.conda
      - conda: https://conda.anaconda.org/conda-forge/linux-64/libexpat-2.6.4-h5888daf_0.conda
      - conda: https://conda.anaconda.org/conda-forge/linux-64/libffi-3.4.6-h2dba641_0.conda
      - conda: https://conda.anaconda.org/conda-forge/linux-64/libgcc-14.2.0-h767d61c_2.conda
      - conda: https://conda.anaconda.org/conda-forge/linux-64/libgcc-ng-14.2.0-h69a702a_2.conda
      - conda: https://conda.anaconda.org/conda-forge/linux-64/libgomp-14.2.0-h767d61c_2.conda
      - conda: https://conda.anaconda.org/conda-forge/linux-64/liblzma-5.6.4-hb9d3cd8_0.conda
      - conda: https://conda.anaconda.org/conda-forge/linux-64/libnsl-2.0.1-hd590300_0.conda
      - conda: https://conda.anaconda.org/conda-forge/linux-64/libsqlite-3.49.1-hee588c1_1.conda
      - conda: https://conda.anaconda.org/conda-forge/linux-64/libuuid-2.38.1-h0b41bf4_0.conda
      - conda: https://conda.anaconda.org/conda-forge/linux-64/libxcrypt-4.4.36-hd590300_1.conda
      - conda: https://conda.anaconda.org/conda-forge/linux-64/libzlib-1.3.1-hb9d3cd8_2.conda
      - conda: https://conda.anaconda.org/conda-forge/linux-64/ncurses-6.5-h2d0b736_3.conda
      - conda: https://conda.anaconda.org/conda-forge/linux-64/openssl-3.4.1-h7b32b05_0.conda
      - conda: https://conda.anaconda.org/conda-forge/linux-64/python-3.12.9-h9e4cc4f_0_cpython.conda
      - conda: https://conda.anaconda.org/conda-forge/linux-64/readline-8.2-h8c095d6_2.conda
      - conda: https://conda.anaconda.org/conda-forge/linux-64/tk-8.6.13-noxft_h4845f30_101.conda
      - conda: https://conda.anaconda.org/conda-forge/noarch/tzdata-2025a-h78e105d_0.conda
      - pypi: https://files.pythonhosted.org/packages/a2/ad/e0d3c824784ff121c03cc031f944bc7e139a8f1870ffd2845cc2dd76f6c4/absl_py-2.1.0-py3-none-any.whl
      - pypi: git+https://github.com/google-deepmind/alphafold3?rev=792e61e099ae011ab9d8f55768adbb95e08343b9#792e61e099ae011ab9d8f55768adbb95e08343b9
      - pypi: https://files.pythonhosted.org/packages/46/dd/c1ff2eb8fbf95a8ca804abb1cc3ce70b283ee7b4bc653c3abac245670400/chex-0.1.87-py3-none-any.whl
      - pypi: https://files.pythonhosted.org/packages/22/34/7a071f78f4c9336f3cfcff22557441cef15782ae9704bf7383af6df0d7a1/dm_haiku-0.0.13-py3-none-any.whl
      - pypi: https://files.pythonhosted.org/packages/c9/d4/8cbb857612ca69763ee4f4f97c7b91659df1d373d62237cb9c772e55ae97/dm_tree-0.1.8-cp312-cp312-manylinux_2_17_x86_64.manylinux2014_x86_64.whl
      - pypi: https://files.pythonhosted.org/packages/b9/f8/feced7779d755758a52d1f6635d990b8d98dc0a29fa568bbe0625f18fdf3/filelock-3.16.1-py3-none-any.whl
      - pypi: https://files.pythonhosted.org/packages/06/f3/c499d358dd7f267a63d7d38ef54aadad82e28d2c28bafff15360c3091946/jax-0.4.34-py3-none-any.whl
      - pypi: https://files.pythonhosted.org/packages/2c/96/6c7162d57d13bf14cd2e70780c583bf5056e7cbc21a07ade6397ac80b3d4/jax_cuda12_pjrt-0.4.34-py3-none-manylinux2014_x86_64.whl
      - pypi: https://files.pythonhosted.org/packages/5f/c6/8e03437668475b801cb844205b4f79d2de495e5a5192983056c0d2459a00/jax_cuda12_plugin-0.4.34-cp312-cp312-manylinux2014_x86_64.whl
      - pypi: https://files.pythonhosted.org/packages/f6/eb/44b69fb10a97d921c4312d7222b0757b5879cf1b6ca0d64815661ed1a533/jax_triton-0.2.0-py3-none-any.whl
      - pypi: https://files.pythonhosted.org/packages/e7/0d/4faf839e3c8ce2a5b615df64427be3e870899c72c0ebfb5859348150aba1/jaxlib-0.4.34-cp312-cp312-manylinux2014_x86_64.whl
      - pypi: https://files.pythonhosted.org/packages/56/ae/220537f80eb82ae43a299de31edb2a91a28b8c5fb8046e9ff853ec7763cd/jaxtyping-0.2.34-py3-none-any.whl
      - pypi: https://files.pythonhosted.org/packages/27/e5/cce82de2831e5aff9332d8d624bb57188f1b2af6ccf6979caf898a8a4348/jmp-0.0.4-py3-none-any.whl
      - pypi: https://files.pythonhosted.org/packages/6f/d3/1321715a95e856d4ef4fba24e4351cf5e4c89d459ad132a8cba5fe257d72/ml_dtypes-0.5.0-cp312-cp312-manylinux_2_17_x86_64.manylinux2014_x86_64.whl
      - pypi: https://files.pythonhosted.org/packages/9e/3e/3757f304c704f2f0294a6b8340fcf2be244038be07da4cccf390fa678a9f/numpy-2.1.3-cp312-cp312-manylinux_2_17_x86_64.manylinux2014_x86_64.whl
      - pypi: https://files.pythonhosted.org/packages/f3/e7/c186a31c234fce776436753bfef4807df7f9b4cb3eeff358fcfcbf64b547/nvidia_cublas_cu12-12.6.3.3-py3-none-manylinux2014_x86_64.whl
      - pypi: https://files.pythonhosted.org/packages/49/60/7b6497946d74bcf1de852a21824d63baad12cd417db4195fc1bfe59db953/nvidia_cuda_cupti_cu12-12.6.80-py3-none-manylinux2014_x86_64.manylinux_2_17_x86_64.whl
      - pypi: https://files.pythonhosted.org/packages/62/8f/cd3032281ba7bb531fe3159337af00c5c805fd6a31dc700f0715c8748c8c/nvidia_cuda_nvcc_cu12-12.6.77-py3-none-manylinux2014_x86_64.whl
      - pypi: https://files.pythonhosted.org/packages/e1/23/e717c5ac26d26cf39a27fbc076240fad2e3b817e5889d671b67f4f9f49c5/nvidia_cuda_runtime_cu12-12.6.77-py3-none-manylinux2014_x86_64.manylinux_2_17_x86_64.whl
      - pypi: https://files.pythonhosted.org/packages/2a/78/4535c9c7f859a64781e43c969a3a7e84c54634e319a996d43ef32ce46f83/nvidia_cudnn_cu12-9.5.1.17-py3-none-manylinux_2_28_x86_64.whl
      - pypi: https://files.pythonhosted.org/packages/8f/16/73727675941ab8e6ffd86ca3a4b7b47065edcca7a997920b831f8147c99d/nvidia_cufft_cu12-11.3.0.4-py3-none-manylinux2014_x86_64.manylinux_2_17_x86_64.whl
      - pypi: https://files.pythonhosted.org/packages/f0/6e/c2cf12c9ff8b872e92b4a5740701e51ff17689c4d726fca91875b07f655d/nvidia_cusolver_cu12-11.7.1.2-py3-none-manylinux2014_x86_64.manylinux_2_17_x86_64.whl
      - pypi: https://files.pythonhosted.org/packages/06/1e/b8b7c2f4099a37b96af5c9bb158632ea9e5d9d27d7391d7eb8fc45236674/nvidia_cusparse_cu12-12.5.4.2-py3-none-manylinux2014_x86_64.manylinux_2_17_x86_64.whl
      - pypi: https://files.pythonhosted.org/packages/ed/1f/6482380ec8dcec4894e7503490fc536d846b0d59694acad9cf99f27d0e7d/nvidia_nccl_cu12-2.23.4-py3-none-manylinux2014_x86_64.whl
      - pypi: https://files.pythonhosted.org/packages/fe/e4/486de766851d58699bcfeb3ba6a3beb4d89c3809f75b9d423b9508a8760f/nvidia_nvjitlink_cu12-12.6.77-py3-none-manylinux2014_x86_64.whl
      - pypi: https://files.pythonhosted.org/packages/23/cd/066e86230ae37ed0be70aae89aabf03ca8d9f39c8aea0dec8029455b5540/opt_einsum-3.4.0-py3-none-any.whl
      - pypi: https://files.pythonhosted.org/packages/7f/42/6e0f2c2d5c60f499aa29be14f860dd4539de322cd8fb84ee01553493fb4d/pillow-11.0.0-cp312-cp312-manylinux_2_28_x86_64.whl
      - pypi: https://files.pythonhosted.org/packages/fa/03/94388eda859d357612553c3bfbaa04d699b7cbcb373f52ac090b1f62fc39/rdkit-2024.3.5-cp312-cp312-manylinux_2_28_x86_64.whl
      - pypi: https://files.pythonhosted.org/packages/8e/ee/8a26858ca517e9c64f84b4c7734b89bda8e63bec85c3d2f432d225bb1886/scipy-1.14.1-cp312-cp312-manylinux_2_17_x86_64.manylinux2014_x86_64.whl
      - pypi: https://files.pythonhosted.org/packages/da/bd/ac215d31c2904e47ec5332897442bdc19fd6b21a82068d057152f4e9c1cf/setuptools-75.8.1-py3-none-any.whl
      - pypi: https://files.pythonhosted.org/packages/40/44/4a5f08c96eb108af5cb50b41f76142f0afa346dfa99d5296fe7202a11854/tabulate-0.9.0-py3-none-any.whl
      - pypi: https://files.pythonhosted.org/packages/03/98/eb27cc78ad3af8e302c9d8ff4977f5026676e130d28dd7578132a457170c/toolz-1.0.0-py3-none-any.whl
      - pypi: https://files.pythonhosted.org/packages/2b/78/57043611a16c655c8350b4c01b8d6abfb38cc2acb475238b62c2146186d7/tqdm-4.67.0-py3-none-any.whl
      - pypi: https://files.pythonhosted.org/packages/78/eb/65f5ba83c2a123f6498a3097746607e5b2f16add29e36765305e4ac7fdd8/triton-3.1.0-cp312-cp312-manylinux_2_17_x86_64.manylinux2014_x86_64.whl
      - pypi: https://files.pythonhosted.org/packages/9a/bb/d43e5c75054e53efce310e79d63df0ac3f25e34c926be5dffb7d283fb2a8/typeguard-2.13.3-py3-none-any.whl
      - pypi: https://files.pythonhosted.org/packages/26/9f/ad63fc0248c5379346306f8668cda6e2e2e9c95e01216d2b8ffd9ff037d0/typing_extensions-4.12.2-py3-none-any.whl
      - pypi: https://files.pythonhosted.org/packages/fc/79/edeb217c57fe1bf16d890aa91a1c2c96b28c07b46afed54a5dcf310c3f6f/zstandard-0.23.0-cp312-cp312-manylinux_2_17_x86_64.manylinux2014_x86_64.whl
packages:
- conda: https://conda.anaconda.org/conda-forge/linux-64/_libgcc_mutex-0.1-conda_forge.tar.bz2
  sha256: fe51de6107f9edc7aa4f786a70f4a883943bc9d39b3bb7307c04c41410990726
  md5: d7c89558ba9fa0495403155b64376d81
  arch: x86_64
  platform: linux
  license: None
  purls: []
  size: 2562
  timestamp: 1578324546067
- conda: https://conda.anaconda.org/conda-forge/linux-64/_openmp_mutex-4.5-2_gnu.tar.bz2
  build_number: 16
  sha256: fbe2c5e56a653bebb982eda4876a9178aedfc2b545f25d0ce9c4c0b508253d22
  md5: 73aaf86a425cc6e73fcf236a5a46396d
  depends:
  - _libgcc_mutex 0.1 conda_forge
  - libgomp >=7.5.0
  constrains:
  - openmp_impl 9999
  arch: x86_64
  platform: linux
  license: BSD-3-Clause
  license_family: BSD
  purls: []
  size: 23621
  timestamp: 1650670423406
- pypi: https://files.pythonhosted.org/packages/a2/ad/e0d3c824784ff121c03cc031f944bc7e139a8f1870ffd2845cc2dd76f6c4/absl_py-2.1.0-py3-none-any.whl
  name: absl-py
  version: 2.1.0
  sha256: 526a04eadab8b4ee719ce68f204172ead1027549089702d99b9059f129ff1308
  requires_python: '>=3.7'
- pypi: git+https://github.com/google-deepmind/alphafold3?rev=792e61e099ae011ab9d8f55768adbb95e08343b9#792e61e099ae011ab9d8f55768adbb95e08343b9
  name: alphafold3
  version: 3.0.1
  requires_dist:
  - absl-py
  - chex
  - dm-haiku==0.0.13
  - dm-tree
  - jax==0.4.34
  - jax[cuda12]==0.4.34
  - jax-triton==0.2.0
  - jaxtyping==0.2.34
  - numpy
  - rdkit==2024.3.5
  - triton==3.1.0
  - tqdm
  - typeguard==2.13.3
  - zstandard
  - pytest>=6.0 ; extra == 'test'
  requires_python: '>=3.11'
- conda: https://conda.anaconda.org/conda-forge/linux-64/bzip2-1.0.8-h4bc722e_7.conda
  sha256: 5ced96500d945fb286c9c838e54fa759aa04a7129c59800f0846b4335cee770d
  md5: 62ee74e96c5ebb0af99386de58cf9553
  depends:
  - __glibc >=2.17,<3.0.a0
  - libgcc-ng >=12
  arch: x86_64
  platform: linux
  license: bzip2-1.0.6
  license_family: BSD
  purls: []
  size: 252783
  timestamp: 1720974456583
- conda: https://conda.anaconda.org/conda-forge/linux-64/ca-certificates-2025.1.31-hbcca054_0.conda
  sha256: bf832198976d559ab44d6cdb315642655547e26d826e34da67cbee6624cda189
  md5: 19f3a56f68d2fd06c516076bff482c52
  arch: x86_64
  platform: linux
  license: ISC
  purls: []
  size: 158144
  timestamp: 1738298224464
- pypi: https://files.pythonhosted.org/packages/46/dd/c1ff2eb8fbf95a8ca804abb1cc3ce70b283ee7b4bc653c3abac245670400/chex-0.1.87-py3-none-any.whl
  name: chex
  version: 0.1.87
  sha256: ce536475661fd96d21be0c1728ecdbedd03f8ff950c662dfc338c92ea782cb16
  requires_dist:
  - absl-py>=0.9.0
  - typing-extensions>=4.2.0
  - jax>=0.4.27
  - jaxlib>=0.4.27
  - numpy>=1.24.1
  - toolz>=0.9.0
  - setuptools ; python_full_version >= '3.12'
  requires_python: '>=3.9'
- pypi: https://files.pythonhosted.org/packages/22/34/7a071f78f4c9336f3cfcff22557441cef15782ae9704bf7383af6df0d7a1/dm_haiku-0.0.13-py3-none-any.whl
  name: dm-haiku
  version: 0.0.13
  sha256: ee9562c68a059f146ad07f555ca591cb8c11ef751afecc38353863562bd23f43
  requires_dist:
  - absl-py>=0.7.1
  - jmp>=0.0.2
  - numpy>=1.18.0
  - tabulate>=0.8.9
  - flax>=0.7.1 ; extra == 'flax'
  - jax>=0.4.28 ; extra == 'jax'
  - jaxlib>=0.4.28 ; extra == 'jax'
- pypi: https://files.pythonhosted.org/packages/c9/d4/8cbb857612ca69763ee4f4f97c7b91659df1d373d62237cb9c772e55ae97/dm_tree-0.1.8-cp312-cp312-manylinux_2_17_x86_64.manylinux2014_x86_64.whl
  name: dm-tree
  version: 0.1.8
  sha256: c0a94aba18a35457a1b5cd716fd7b46c5dafdc4cf7869b4bae665b91c4682a8e
- pypi: https://files.pythonhosted.org/packages/b9/f8/feced7779d755758a52d1f6635d990b8d98dc0a29fa568bbe0625f18fdf3/filelock-3.16.1-py3-none-any.whl
  name: filelock
  version: 3.16.1
  sha256: 2082e5703d51fbf98ea75855d9d5527e33d8ff23099bec374a134febee6946b0
  requires_dist:
  - furo>=2024.8.6 ; extra == 'docs'
  - sphinx-autodoc-typehints>=2.4.1 ; extra == 'docs'
  - sphinx>=8.0.2 ; extra == 'docs'
  - covdefaults>=2.3 ; extra == 'testing'
  - coverage>=7.6.1 ; extra == 'testing'
  - diff-cover>=9.2 ; extra == 'testing'
  - pytest-asyncio>=0.24 ; extra == 'testing'
  - pytest-cov>=5 ; extra == 'testing'
  - pytest-mock>=3.14 ; extra == 'testing'
  - pytest-timeout>=2.3.1 ; extra == 'testing'
  - pytest>=8.3.3 ; extra == 'testing'
  - virtualenv>=20.26.4 ; extra == 'testing'
  - typing-extensions>=4.12.2 ; python_full_version < '3.11' and extra == 'typing'
  requires_python: '>=3.8'
- pypi: https://files.pythonhosted.org/packages/06/f3/c499d358dd7f267a63d7d38ef54aadad82e28d2c28bafff15360c3091946/jax-0.4.34-py3-none-any.whl
  name: jax
  version: 0.4.34
  sha256: b957ca1fc91f7343f91a186af9f19c7f342c946f95a8c11c7f1e5cdfe2e58d9e
  requires_dist:
  - jaxlib<=0.4.34,>=0.4.34
  - ml-dtypes>=0.2.0
  - numpy>=1.24
  - opt-einsum
  - scipy>=1.10
  - numpy>=1.26.0 ; python_full_version >= '3.12'
  - scipy>=1.11.1 ; python_full_version >= '3.12'
  - jaxlib==0.4.33 ; extra == 'ci'
  - jaxlib==0.4.34 ; extra == 'cuda'
  - jax-cuda12-plugin[with-cuda]<=0.4.34,>=0.4.34 ; extra == 'cuda'
  - jaxlib==0.4.34 ; extra == 'cuda12'
  - jax-cuda12-plugin[with-cuda]<=0.4.34,>=0.4.34 ; extra == 'cuda12'
  - jaxlib==0.4.34 ; extra == 'cuda12-local'
  - jax-cuda12-plugin==0.4.34 ; extra == 'cuda12-local'
  - jaxlib==0.4.34 ; extra == 'cuda12-pip'
  - jax-cuda12-plugin[with-cuda]<=0.4.34,>=0.4.34 ; extra == 'cuda12-pip'
  - kubernetes ; extra == 'k8s'
  - jaxlib==0.4.34 ; extra == 'minimum-jaxlib'
  - jaxlib<=0.4.34,>=0.4.34 ; extra == 'tpu'
  - libtpu-nightly==0.1.dev20241002 ; extra == 'tpu'
  - requests ; extra == 'tpu'
  requires_python: '>=3.10'
- pypi: https://files.pythonhosted.org/packages/2c/96/6c7162d57d13bf14cd2e70780c583bf5056e7cbc21a07ade6397ac80b3d4/jax_cuda12_pjrt-0.4.34-py3-none-manylinux2014_x86_64.whl
  name: jax-cuda12-pjrt
  version: 0.4.34
  sha256: 0c7cc98f962cc7fc8e0a5ea6331b42a0cee516f202f1c3019f6aa5cd9530cca0
- pypi: https://files.pythonhosted.org/packages/5f/c6/8e03437668475b801cb844205b4f79d2de495e5a5192983056c0d2459a00/jax_cuda12_plugin-0.4.34-cp312-cp312-manylinux2014_x86_64.whl
  name: jax-cuda12-plugin
  version: 0.4.34
  sha256: db988b7ba5063483a936ddbf162f04d1b4412e0d64340f11788c7bbc877e8a43
  requires_dist:
  - jax-cuda12-pjrt==0.4.34
  - nvidia-cublas-cu12>=12.1.3.1 ; extra == 'with-cuda'
  - nvidia-cuda-cupti-cu12>=12.1.105 ; extra == 'with-cuda'
  - nvidia-cuda-nvcc-cu12>=12.1.105 ; extra == 'with-cuda'
  - nvidia-cuda-runtime-cu12>=12.1.105 ; extra == 'with-cuda'
  - nvidia-cudnn-cu12>=9.1,<10.0 ; extra == 'with-cuda'
  - nvidia-cufft-cu12>=11.0.2.54 ; extra == 'with-cuda'
  - nvidia-cusolver-cu12>=11.4.5.107 ; extra == 'with-cuda'
  - nvidia-cusparse-cu12>=12.1.0.106 ; extra == 'with-cuda'
  - nvidia-nccl-cu12>=2.18.1 ; extra == 'with-cuda'
  - nvidia-nvjitlink-cu12>=12.1.105 ; extra == 'with-cuda'
  requires_python: '>=3.10'
- pypi: https://files.pythonhosted.org/packages/f6/eb/44b69fb10a97d921c4312d7222b0757b5879cf1b6ca0d64815661ed1a533/jax_triton-0.2.0-py3-none-any.whl
  name: jax-triton
  version: 0.2.0
  sha256: 6db5f6147327f2462c35becab612d415cf9ee70c96e43020c3c7ea873eb8576e
  requires_dist:
  - absl-py>=1.4.0
  - jax>=0.4.34
  - triton>=3.1
  - pytest ; extra == 'tests'
  requires_python: '>=3.10'
- pypi: https://files.pythonhosted.org/packages/e7/0d/4faf839e3c8ce2a5b615df64427be3e870899c72c0ebfb5859348150aba1/jaxlib-0.4.34-cp312-cp312-manylinux2014_x86_64.whl
  name: jaxlib
  version: 0.4.34
  sha256: 48272e9034ff868d4328cf0055a07882fd2be93f59dfb6283af7de491f9d1290
  requires_dist:
  - scipy>=1.10
  - numpy>=1.24
  - ml-dtypes>=0.2.0
  - scipy>=1.11.1 ; python_full_version >= '3.12'
  requires_python: '>=3.10'
- pypi: https://files.pythonhosted.org/packages/56/ae/220537f80eb82ae43a299de31edb2a91a28b8c5fb8046e9ff853ec7763cd/jaxtyping-0.2.34-py3-none-any.whl
  name: jaxtyping
  version: 0.2.34
  sha256: 2f81fb6d1586e497a6ea2d28c06dcab37b108a096cbb36ea3fe4fa2e1c1f32e5
  requires_dist:
  - typeguard==2.13.3
  requires_python: ~=3.9
- pypi: https://files.pythonhosted.org/packages/27/e5/cce82de2831e5aff9332d8d624bb57188f1b2af6ccf6979caf898a8a4348/jmp-0.0.4-py3-none-any.whl
  name: jmp
  version: 0.0.4
  sha256: 6aa7adbddf2bd574b28c7faf6e81a735eb11f53386447896909c6968dc36807d
  requires_dist:
  - numpy>=1.19.5
  - dataclasses>=0.7 ; python_full_version < '3.7'
  - jax>=0.2.20 ; extra == 'jax'
  - jaxlib>=0.1.71 ; extra == 'jax'
- conda: https://conda.anaconda.org/conda-forge/linux-64/ld_impl_linux-64-2.43-h712a8e2_4.conda
  sha256: db73f38155d901a610b2320525b9dd3b31e4949215c870685fd92ea61b5ce472
  md5: 01f8d123c96816249efd255a31ad7712
  depends:
  - __glibc >=2.17,<3.0.a0
  constrains:
  - binutils_impl_linux-64 2.43
  arch: x86_64
  platform: linux
  license: GPL-3.0-only
  license_family: GPL
  purls: []
  size: 671240
  timestamp: 1740155456116
- conda: https://conda.anaconda.org/conda-forge/linux-64/libexpat-2.6.4-h5888daf_0.conda
  sha256: 56541b98447b58e52d824bd59d6382d609e11de1f8adf20b23143e353d2b8d26
  md5: db833e03127376d461e1e13e76f09b6c
  depends:
  - __glibc >=2.17,<3.0.a0
  - libgcc >=13
  constrains:
  - expat 2.6.4.*
  arch: x86_64
  platform: linux
  license: MIT
  license_family: MIT
  purls: []
  size: 73304
  timestamp: 1730967041968
- conda: https://conda.anaconda.org/conda-forge/linux-64/libffi-3.4.6-h2dba641_0.conda
  sha256: 67a6c95e33ebc763c1adc3455b9a9ecde901850eb2fceb8e646cc05ef3a663da
  md5: e3eb7806380bc8bcecba6d749ad5f026
  depends:
  - __glibc >=2.17,<3.0.a0
  - libgcc >=13
  arch: x86_64
  platform: linux
  license: MIT
  license_family: MIT
  purls: []
  size: 53415
  timestamp: 1739260413716
- conda: https://conda.anaconda.org/conda-forge/linux-64/libgcc-14.2.0-h767d61c_2.conda
  sha256: 3a572d031cb86deb541d15c1875aaa097baefc0c580b54dc61f5edab99215792
  md5: ef504d1acbd74b7cc6849ef8af47dd03
  depends:
  - __glibc >=2.17,<3.0.a0
  - _openmp_mutex >=4.5
  constrains:
  - libgomp 14.2.0 h767d61c_2
  - libgcc-ng ==14.2.0=*_2
  arch: x86_64
  platform: linux
  license: GPL-3.0-only WITH GCC-exception-3.1
  license_family: GPL
  purls: []
  size: 847885
  timestamp: 1740240653082
- conda: https://conda.anaconda.org/conda-forge/linux-64/libgcc-ng-14.2.0-h69a702a_2.conda
  sha256: fb7558c328b38b2f9d2e412c48da7890e7721ba018d733ebdfea57280df01904
  md5: a2222a6ada71fb478682efe483ce0f92
  depends:
  - libgcc 14.2.0 h767d61c_2
  arch: x86_64
  platform: linux
  license: GPL-3.0-only WITH GCC-exception-3.1
  license_family: GPL
  purls: []
  size: 53758
  timestamp: 1740240660904
- conda: https://conda.anaconda.org/conda-forge/linux-64/libgomp-14.2.0-h767d61c_2.conda
  sha256: 1a3130e0b9267e781b89399580f3163632d59fe5b0142900d63052ab1a53490e
  md5: 06d02030237f4d5b3d9a7e7d348fe3c6
  depends:
  - __glibc >=2.17,<3.0.a0
  arch: x86_64
  platform: linux
  license: GPL-3.0-only WITH GCC-exception-3.1
  license_family: GPL
  purls: []
  size: 459862
  timestamp: 1740240588123
- conda: https://conda.anaconda.org/conda-forge/linux-64/liblzma-5.6.4-hb9d3cd8_0.conda
  sha256: cad52e10319ca4585bc37f0bc7cce99ec7c15dc9168e42ccb96b741b0a27db3f
  md5: 42d5b6a0f30d3c10cd88cb8584fda1cb
  depends:
  - __glibc >=2.17,<3.0.a0
  - libgcc >=13
  arch: x86_64
  platform: linux
  license: 0BSD
  purls: []
  size: 111357
  timestamp: 1738525339684
- conda: https://conda.anaconda.org/conda-forge/linux-64/libnsl-2.0.1-hd590300_0.conda
  sha256: 26d77a3bb4dceeedc2a41bd688564fe71bf2d149fdcf117049970bc02ff1add6
  md5: 30fd6e37fe21f86f4bd26d6ee73eeec7
  depends:
  - libgcc-ng >=12
  arch: x86_64
  platform: linux
  license: LGPL-2.1-only
  license_family: GPL
  purls: []
  size: 33408
  timestamp: 1697359010159
- conda: https://conda.anaconda.org/conda-forge/linux-64/libsqlite-3.49.1-hee588c1_1.conda
  sha256: 7a09eef804ef7cf4d88215c2297eabb72af8ad0bd5b012060111c289f14bbe7d
  md5: 73cea06049cc4174578b432320a003b8
  depends:
  - __glibc >=2.17,<3.0.a0
  - libgcc >=13
  - libzlib >=1.3.1,<2.0a0
  arch: x86_64
  platform: linux
  license: Unlicense
  purls: []
  size: 915956
  timestamp: 1739953155793
- conda: https://conda.anaconda.org/conda-forge/linux-64/libuuid-2.38.1-h0b41bf4_0.conda
  sha256: 787eb542f055a2b3de553614b25f09eefb0a0931b0c87dbcce6efdfd92f04f18
  md5: 40b61aab5c7ba9ff276c41cfffe6b80b
  depends:
  - libgcc-ng >=12
  arch: x86_64
  platform: linux
  license: BSD-3-Clause
  license_family: BSD
  purls: []
  size: 33601
  timestamp: 1680112270483
- conda: https://conda.anaconda.org/conda-forge/linux-64/libxcrypt-4.4.36-hd590300_1.conda
  sha256: 6ae68e0b86423ef188196fff6207ed0c8195dd84273cb5623b85aa08033a410c
  md5: 5aa797f8787fe7a17d1b0821485b5adc
  depends:
  - libgcc-ng >=12
  arch: x86_64
  platform: linux
  license: LGPL-2.1-or-later
  purls: []
  size: 100393
  timestamp: 1702724383534
- conda: https://conda.anaconda.org/conda-forge/linux-64/libzlib-1.3.1-hb9d3cd8_2.conda
  sha256: d4bfe88d7cb447768e31650f06257995601f89076080e76df55e3112d4e47dc4
  md5: edb0dca6bc32e4f4789199455a1dbeb8
  depends:
  - __glibc >=2.17,<3.0.a0
  - libgcc >=13
  constrains:
  - zlib 1.3.1 *_2
  arch: x86_64
  platform: linux
  license: Zlib
  license_family: Other
  purls: []
  size: 60963
  timestamp: 1727963148474
- pypi: https://files.pythonhosted.org/packages/6f/d3/1321715a95e856d4ef4fba24e4351cf5e4c89d459ad132a8cba5fe257d72/ml_dtypes-0.5.0-cp312-cp312-manylinux_2_17_x86_64.manylinux2014_x86_64.whl
  name: ml-dtypes
  version: 0.5.0
  sha256: a38df8df61194aeaae1ab7579075779b4ad32cd1cffd012c28be227fa7f2a70a
  requires_dist:
  - numpy>=1.21
  - numpy>=1.21.2 ; python_full_version >= '3.10'
  - numpy>=1.23.3 ; python_full_version >= '3.11'
  - numpy>=1.26.0 ; python_full_version >= '3.12'
  - numpy>=2.1.0 ; python_full_version >= '3.13'
  - absl-py ; extra == 'dev'
  - pytest ; extra == 'dev'
  - pytest-xdist ; extra == 'dev'
  - pylint>=2.6.0 ; extra == 'dev'
  - pyink ; extra == 'dev'
  requires_python: '>=3.9'
- conda: https://conda.anaconda.org/conda-forge/linux-64/ncurses-6.5-h2d0b736_3.conda
  sha256: 3fde293232fa3fca98635e1167de6b7c7fda83caf24b9d6c91ec9eefb4f4d586
  md5: 47e340acb35de30501a76c7c799c41d7
  depends:
  - __glibc >=2.17,<3.0.a0
  - libgcc >=13
  arch: x86_64
  platform: linux
  license: X11 AND BSD-3-Clause
  purls: []
  size: 891641
  timestamp: 1738195959188
- pypi: https://files.pythonhosted.org/packages/9e/3e/3757f304c704f2f0294a6b8340fcf2be244038be07da4cccf390fa678a9f/numpy-2.1.3-cp312-cp312-manylinux_2_17_x86_64.manylinux2014_x86_64.whl
  name: numpy
  version: 2.1.3
  sha256: 2312b2aa89e1f43ecea6da6ea9a810d06aae08321609d8dc0d0eda6d946a541b
  requires_python: '>=3.10'
- pypi: https://files.pythonhosted.org/packages/f3/e7/c186a31c234fce776436753bfef4807df7f9b4cb3eeff358fcfcbf64b547/nvidia_cublas_cu12-12.6.3.3-py3-none-manylinux2014_x86_64.whl
  name: nvidia-cublas-cu12
  version: 12.6.3.3
  sha256: f33fb68e101d99470c82d17f92a0dd9f74de2a21685c217f4716cdd63b1316eb
  requires_python: '>=3'
- pypi: https://files.pythonhosted.org/packages/49/60/7b6497946d74bcf1de852a21824d63baad12cd417db4195fc1bfe59db953/nvidia_cuda_cupti_cu12-12.6.80-py3-none-manylinux2014_x86_64.manylinux_2_17_x86_64.whl
  name: nvidia-cuda-cupti-cu12
  version: 12.6.80
  sha256: 6768bad6cab4f19e8292125e5f1ac8aa7d1718704012a0e3272a6f61c4bce132
  requires_python: '>=3'
- pypi: https://files.pythonhosted.org/packages/62/8f/cd3032281ba7bb531fe3159337af00c5c805fd6a31dc700f0715c8748c8c/nvidia_cuda_nvcc_cu12-12.6.77-py3-none-manylinux2014_x86_64.whl
  name: nvidia-cuda-nvcc-cu12
  version: 12.6.77
  sha256: b66bb5dd6b8ae62262586691977d3b4a425e91db61b4b9bc2f6b42bcd4154b96
  requires_python: '>=3'
- pypi: https://files.pythonhosted.org/packages/e1/23/e717c5ac26d26cf39a27fbc076240fad2e3b817e5889d671b67f4f9f49c5/nvidia_cuda_runtime_cu12-12.6.77-py3-none-manylinux2014_x86_64.manylinux_2_17_x86_64.whl
  name: nvidia-cuda-runtime-cu12
  version: 12.6.77
  sha256: ba3b56a4f896141e25e19ab287cd71e52a6a0f4b29d0d31609f60e3b4d5219b7
  requires_python: '>=3'
- pypi: https://files.pythonhosted.org/packages/2a/78/4535c9c7f859a64781e43c969a3a7e84c54634e319a996d43ef32ce46f83/nvidia_cudnn_cu12-9.5.1.17-py3-none-manylinux_2_28_x86_64.whl
  name: nvidia-cudnn-cu12
  version: 9.5.1.17
  sha256: 30ac3869f6db17d170e0e556dd6cc5eee02647abc31ca856634d5a40f82c15b2
  requires_dist:
  - nvidia-cublas-cu12
  requires_python: '>=3'
- pypi: https://files.pythonhosted.org/packages/8f/16/73727675941ab8e6ffd86ca3a4b7b47065edcca7a997920b831f8147c99d/nvidia_cufft_cu12-11.3.0.4-py3-none-manylinux2014_x86_64.manylinux_2_17_x86_64.whl
  name: nvidia-cufft-cu12
  version: 11.3.0.4
  sha256: ccba62eb9cef5559abd5e0d54ceed2d9934030f51163df018532142a8ec533e5
  requires_dist:
  - nvidia-nvjitlink-cu12
  requires_python: '>=3'
- pypi: https://files.pythonhosted.org/packages/f0/6e/c2cf12c9ff8b872e92b4a5740701e51ff17689c4d726fca91875b07f655d/nvidia_cusolver_cu12-11.7.1.2-py3-none-manylinux2014_x86_64.manylinux_2_17_x86_64.whl
  name: nvidia-cusolver-cu12
  version: 11.7.1.2
  sha256: e9e49843a7707e42022babb9bcfa33c29857a93b88020c4e4434656a655b698c
  requires_dist:
  - nvidia-cublas-cu12
  - nvidia-nvjitlink-cu12
  - nvidia-cusparse-cu12
  requires_python: '>=3'
- pypi: https://files.pythonhosted.org/packages/06/1e/b8b7c2f4099a37b96af5c9bb158632ea9e5d9d27d7391d7eb8fc45236674/nvidia_cusparse_cu12-12.5.4.2-py3-none-manylinux2014_x86_64.manylinux_2_17_x86_64.whl
  name: nvidia-cusparse-cu12
  version: 12.5.4.2
  sha256: 7556d9eca156e18184b94947ade0fba5bb47d69cec46bf8660fd2c71a4b48b73
  requires_dist:
  - nvidia-nvjitlink-cu12
  requires_python: '>=3'
- pypi: https://files.pythonhosted.org/packages/ed/1f/6482380ec8dcec4894e7503490fc536d846b0d59694acad9cf99f27d0e7d/nvidia_nccl_cu12-2.23.4-py3-none-manylinux2014_x86_64.whl
  name: nvidia-nccl-cu12
  version: 2.23.4
  sha256: b097258d9aab2fa9f686e33c6fe40ae57b27df60cedbd15d139701bb5509e0c1
  requires_python: '>=3'
- pypi: https://files.pythonhosted.org/packages/fe/e4/486de766851d58699bcfeb3ba6a3beb4d89c3809f75b9d423b9508a8760f/nvidia_nvjitlink_cu12-12.6.77-py3-none-manylinux2014_x86_64.whl
  name: nvidia-nvjitlink-cu12
  version: 12.6.77
  sha256: 9ae346d16203ae4ea513be416495167a0101d33d2d14935aa9c1829a3fb45142
  requires_python: '>=3'
- conda: https://conda.anaconda.org/conda-forge/linux-64/openssl-3.4.1-h7b32b05_0.conda
  sha256: cbf62df3c79a5c2d113247ddea5658e9ff3697b6e741c210656e239ecaf1768f
  md5: 41adf927e746dc75ecf0ef841c454e48
  depends:
  - __glibc >=2.17,<3.0.a0
  - ca-certificates
  - libgcc >=13
  arch: x86_64
  platform: linux
  license: Apache-2.0
  license_family: Apache
  purls: []
  size: 2939306
  timestamp: 1739301879343
- pypi: https://files.pythonhosted.org/packages/23/cd/066e86230ae37ed0be70aae89aabf03ca8d9f39c8aea0dec8029455b5540/opt_einsum-3.4.0-py3-none-any.whl
  name: opt-einsum
  version: 3.4.0
  sha256: 69bb92469f86a1565195ece4ac0323943e83477171b91d24c35afe028a90d7cd
  requires_python: '>=3.8'
- pypi: https://files.pythonhosted.org/packages/7f/42/6e0f2c2d5c60f499aa29be14f860dd4539de322cd8fb84ee01553493fb4d/pillow-11.0.0-cp312-cp312-manylinux_2_28_x86_64.whl
  name: pillow
  version: 11.0.0
  sha256: 00177a63030d612148e659b55ba99527803288cea7c75fb05766ab7981a8c1b7
  requires_dist:
  - furo ; extra == 'docs'
  - olefile ; extra == 'docs'
  - sphinx>=8.1 ; extra == 'docs'
  - sphinx-copybutton ; extra == 'docs'
  - sphinx-inline-tabs ; extra == 'docs'
  - sphinxext-opengraph ; extra == 'docs'
  - olefile ; extra == 'fpx'
  - olefile ; extra == 'mic'
  - check-manifest ; extra == 'tests'
  - coverage ; extra == 'tests'
  - defusedxml ; extra == 'tests'
  - markdown2 ; extra == 'tests'
  - olefile ; extra == 'tests'
  - packaging ; extra == 'tests'
  - pyroma ; extra == 'tests'
  - pytest ; extra == 'tests'
  - pytest-cov ; extra == 'tests'
  - pytest-timeout ; extra == 'tests'
  - typing-extensions ; python_full_version < '3.10' and extra == 'typing'
  - defusedxml ; extra == 'xmp'
  requires_python: '>=3.9'
- conda: https://conda.anaconda.org/conda-forge/linux-64/python-3.12.9-h9e4cc4f_0_cpython.conda
  sha256: 64fed5178f1e9c8ac0f572ac0ce37955f5dee7b2bcac665202bc14f1f7dd618a
  md5: 5665f0079432f8848079c811cdb537d5
  depends:
  - __glibc >=2.17,<3.0.a0
  - bzip2 >=1.0.8,<2.0a0
  - ld_impl_linux-64 >=2.36.1
  - libexpat >=2.6.4,<3.0a0
  - libffi >=3.4,<4.0a0
  - libgcc >=13
  - liblzma >=5.6.4,<6.0a0
  - libnsl >=2.0.1,<2.1.0a0
  - libsqlite >=3.48.0,<4.0a0
  - libuuid >=2.38.1,<3.0a0
  - libxcrypt >=4.4.36
  - libzlib >=1.3.1,<2.0a0
  - ncurses >=6.5,<7.0a0
  - openssl >=3.4.1,<4.0a0
  - readline >=8.2,<9.0a0
  - tk >=8.6.13,<8.7.0a0
  - tzdata
  constrains:
  - python_abi 3.12.* *_cp312
  arch: x86_64
  platform: linux
  license: Python-2.0
  purls: []
  size: 31581682
  timestamp: 1739521496324
- pypi: https://files.pythonhosted.org/packages/fa/03/94388eda859d357612553c3bfbaa04d699b7cbcb373f52ac090b1f62fc39/rdkit-2024.3.5-cp312-cp312-manylinux_2_28_x86_64.whl
  name: rdkit
  version: 2024.3.5
  sha256: 913494a03fcf6121c103e5db43fa33bca0fcc65ebd5a6c46661baa6851f79d91
  requires_dist:
  - numpy
  - pillow
- conda: https://conda.anaconda.org/conda-forge/linux-64/readline-8.2-h8c095d6_2.conda
  sha256: 2d6d0c026902561ed77cd646b5021aef2d4db22e57a5b0178dfc669231e06d2c
  md5: 283b96675859b20a825f8fa30f311446
  depends:
  - libgcc >=13
  - ncurses >=6.5,<7.0a0
  arch: x86_64
  platform: linux
  license: GPL-3.0-only
  license_family: GPL
  purls: []
  size: 282480
  timestamp: 1740379431762
- pypi: https://files.pythonhosted.org/packages/8e/ee/8a26858ca517e9c64f84b4c7734b89bda8e63bec85c3d2f432d225bb1886/scipy-1.14.1-cp312-cp312-manylinux_2_17_x86_64.manylinux2014_x86_64.whl
  name: scipy
  version: 1.14.1
  sha256: 8f9ea80f2e65bdaa0b7627fb00cbeb2daf163caa015e59b7516395fe3bd1e066
  requires_dist:
  - numpy>=1.23.5,<2.3
  - pytest ; extra == 'test'
  - pytest-cov ; extra == 'test'
  - pytest-timeout ; extra == 'test'
  - pytest-xdist ; extra == 'test'
  - asv ; extra == 'test'
  - mpmath ; extra == 'test'
  - gmpy2 ; extra == 'test'
  - threadpoolctl ; extra == 'test'
  - scikit-umfpack ; extra == 'test'
  - pooch ; extra == 'test'
  - hypothesis>=6.30 ; extra == 'test'
  - array-api-strict>=2.0 ; extra == 'test'
  - cython ; extra == 'test'
  - meson ; extra == 'test'
  - ninja ; sys_platform != 'emscripten' and extra == 'test'
  - sphinx>=5.0.0,<=7.3.7 ; extra == 'doc'
  - pydata-sphinx-theme>=0.15.2 ; extra == 'doc'
  - sphinx-design>=0.4.0 ; extra == 'doc'
  - matplotlib>=3.5 ; extra == 'doc'
  - numpydoc ; extra == 'doc'
  - jupytext ; extra == 'doc'
  - myst-nb ; extra == 'doc'
  - pooch ; extra == 'doc'
  - jupyterlite-sphinx>=0.13.1 ; extra == 'doc'
  - jupyterlite-pyodide-kernel ; extra == 'doc'
  - mypy==1.10.0 ; extra == 'dev'
  - typing-extensions ; extra == 'dev'
  - types-psutil ; extra == 'dev'
  - pycodestyle ; extra == 'dev'
  - ruff>=0.0.292 ; extra == 'dev'
  - cython-lint>=0.12.2 ; extra == 'dev'
  - rich-click ; extra == 'dev'
  - doit>=0.36.0 ; extra == 'dev'
  - pydevtool ; extra == 'dev'
  requires_python: '>=3.10'
- pypi: https://files.pythonhosted.org/packages/da/bd/ac215d31c2904e47ec5332897442bdc19fd6b21a82068d057152f4e9c1cf/setuptools-75.8.1-py3-none-any.whl
  name: setuptools
  version: 75.8.1
  sha256: 3bc32c0b84c643299ca94e77f834730f126efd621de0cc1de64119e0e17dab1f
  requires_dist:
  - pytest>=6,!=8.1.* ; extra == 'test'
  - virtualenv>=13.0.0 ; extra == 'test'
  - wheel>=0.44.0 ; extra == 'test'
  - pip>=19.1 ; extra == 'test'
  - packaging>=24.2 ; extra == 'test'
  - jaraco-envs>=2.2 ; extra == 'test'
  - pytest-xdist>=3 ; extra == 'test'
  - jaraco-path>=3.7.2 ; extra == 'test'
  - build[virtualenv]>=1.0.3 ; extra == 'test'
  - filelock>=3.4.0 ; extra == 'test'
  - ini2toml[lite]>=0.14 ; extra == 'test'
  - tomli-w>=1.0.0 ; extra == 'test'
  - pytest-timeout ; extra == 'test'
  - pytest-perf ; sys_platform != 'cygwin' and extra == 'test'
  - jaraco-develop>=7.21 ; python_full_version >= '3.9' and sys_platform != 'cygwin' and extra == 'test'
  - pytest-home>=0.5 ; extra == 'test'
  - pytest-subprocess ; extra == 'test'
  - pyproject-hooks!=1.1 ; extra == 'test'
  - jaraco-test>=5.5 ; extra == 'test'
  - sphinx>=3.5 ; extra == 'doc'
  - jaraco-packaging>=9.3 ; extra == 'doc'
  - rst-linker>=1.9 ; extra == 'doc'
  - furo ; extra == 'doc'
  - sphinx-lint ; extra == 'doc'
  - jaraco-tidelift>=1.4 ; extra == 'doc'
  - pygments-github-lexers==0.0.5 ; extra == 'doc'
  - sphinx-favicon ; extra == 'doc'
  - sphinx-inline-tabs ; extra == 'doc'
  - sphinx-reredirects ; extra == 'doc'
  - sphinxcontrib-towncrier ; extra == 'doc'
  - sphinx-notfound-page>=1,<2 ; extra == 'doc'
  - pyproject-hooks!=1.1 ; extra == 'doc'
  - towncrier<24.7 ; extra == 'doc'
  - packaging>=24.2 ; extra == 'core'
  - more-itertools>=8.8 ; extra == 'core'
  - jaraco-text>=3.7 ; extra == 'core'
  - importlib-metadata>=6 ; python_full_version < '3.10' and extra == 'core'
  - tomli>=2.0.1 ; python_full_version < '3.11' and extra == 'core'
  - wheel>=0.43.0 ; extra == 'core'
  - platformdirs>=4.2.2 ; extra == 'core'
  - jaraco-collections ; extra == 'core'
  - jaraco-functools>=4 ; extra == 'core'
  - packaging ; extra == 'core'
  - more-itertools ; extra == 'core'
  - pytest-checkdocs>=2.4 ; extra == 'check'
  - pytest-ruff>=0.2.1 ; sys_platform != 'cygwin' and extra == 'check'
  - ruff>=0.8.0 ; sys_platform != 'cygwin' and extra == 'check'
  - pytest-cov ; extra == 'cover'
  - pytest-enabler>=2.2 ; extra == 'enabler'
  - pytest-mypy ; extra == 'type'
  - mypy==1.14.* ; extra == 'type'
  - importlib-metadata>=7.0.2 ; python_full_version < '3.10' and extra == 'type'
  - jaraco-develop>=7.21 ; sys_platform != 'cygwin' and extra == 'type'
  requires_python: '>=3.9'
- pypi: https://files.pythonhosted.org/packages/40/44/4a5f08c96eb108af5cb50b41f76142f0afa346dfa99d5296fe7202a11854/tabulate-0.9.0-py3-none-any.whl
  name: tabulate
  version: 0.9.0
  sha256: 024ca478df22e9340661486f85298cff5f6dcdba14f3813e8830015b9ed1948f
  requires_dist:
  - wcwidth ; extra == 'widechars'
  requires_python: '>=3.7'
- conda: https://conda.anaconda.org/conda-forge/linux-64/tk-8.6.13-noxft_h4845f30_101.conda
  sha256: e0569c9caa68bf476bead1bed3d79650bb080b532c64a4af7d8ca286c08dea4e
  md5: d453b98d9c83e71da0741bb0ff4d76bc
  depends:
  - libgcc-ng >=12
  - libzlib >=1.2.13,<2.0.0a0
  arch: x86_64
  platform: linux
  license: TCL
  license_family: BSD
  purls: []
  size: 3318875
  timestamp: 1699202167581
- pypi: https://files.pythonhosted.org/packages/03/98/eb27cc78ad3af8e302c9d8ff4977f5026676e130d28dd7578132a457170c/toolz-1.0.0-py3-none-any.whl
  name: toolz
  version: 1.0.0
  sha256: 292c8f1c4e7516bf9086f8850935c799a874039c8bcf959d47b600e4c44a6236
  requires_python: '>=3.8'
- pypi: https://files.pythonhosted.org/packages/2b/78/57043611a16c655c8350b4c01b8d6abfb38cc2acb475238b62c2146186d7/tqdm-4.67.0-py3-none-any.whl
  name: tqdm
  version: 4.67.0
  sha256: 0cd8af9d56911acab92182e88d763100d4788bdf421d251616040cc4d44863be
  requires_dist:
  - colorama ; sys_platform == 'win32'
  - pytest>=6 ; extra == 'dev'
  - pytest-cov ; extra == 'dev'
  - pytest-timeout ; extra == 'dev'
  - pytest-xdist ; extra == 'dev'
  - requests ; extra == 'discord'
  - ipywidgets>=6 ; extra == 'notebook'
  - slack-sdk ; extra == 'slack'
  - requests ; extra == 'telegram'
  requires_python: '>=3.7'
- pypi: https://files.pythonhosted.org/packages/78/eb/65f5ba83c2a123f6498a3097746607e5b2f16add29e36765305e4ac7fdd8/triton-3.1.0-cp312-cp312-manylinux_2_17_x86_64.manylinux2014_x86_64.whl
  name: triton
  version: 3.1.0
  sha256: c8182f42fd8080a7d39d666814fa36c5e30cc00ea7eeeb1a2983dbb4c99a0fdc
  requires_dist:
  - filelock
  - cmake>=3.20 ; extra == 'build'
  - lit ; extra == 'build'
  - autopep8 ; extra == 'tests'
  - flake8 ; extra == 'tests'
  - isort ; extra == 'tests'
  - numpy ; extra == 'tests'
  - pytest ; extra == 'tests'
  - scipy>=1.7.1 ; extra == 'tests'
  - llnl-hatchet ; extra == 'tests'
  - matplotlib ; extra == 'tutorials'
  - pandas ; extra == 'tutorials'
  - tabulate ; extra == 'tutorials'
- pypi: https://files.pythonhosted.org/packages/9a/bb/d43e5c75054e53efce310e79d63df0ac3f25e34c926be5dffb7d283fb2a8/typeguard-2.13.3-py3-none-any.whl
  name: typeguard
  version: 2.13.3
  sha256: 5e3e3be01e887e7eafae5af63d1f36c849aaa94e3a0112097312aabfa16284f1
  requires_dist:
  - sphinx-rtd-theme ; extra == 'doc'
  - sphinx-autodoc-typehints>=1.2.0 ; extra == 'doc'
  - pytest ; extra == 'test'
  - typing-extensions ; extra == 'test'
  - mypy ; platform_python_implementation != 'PyPy' and extra == 'test'
  requires_python: '>=3.5.3'
- pypi: https://files.pythonhosted.org/packages/26/9f/ad63fc0248c5379346306f8668cda6e2e2e9c95e01216d2b8ffd9ff037d0/typing_extensions-4.12.2-py3-none-any.whl
  name: typing-extensions
  version: 4.12.2
  sha256: 04e5ca0351e0f3f85c6853954072df659d0d13fac324d0072316b67d7794700d
  requires_python: '>=3.8'
- conda: https://conda.anaconda.org/conda-forge/noarch/tzdata-2025a-h78e105d_0.conda
  sha256: c4b1ae8a2931fe9b274c44af29c5475a85b37693999f8c792dad0f8c6734b1de
  md5: dbcace4706afdfb7eb891f7b37d07c04
  license: LicenseRef-Public-Domain
  purls: []
  size: 122921
  timestamp: 1737119101255
- pypi: https://files.pythonhosted.org/packages/fc/79/edeb217c57fe1bf16d890aa91a1c2c96b28c07b46afed54a5dcf310c3f6f/zstandard-0.23.0-cp312-cp312-manylinux_2_17_x86_64.manylinux2014_x86_64.whl
  name: zstandard
  version: 0.23.0
  sha256: 72c68dda124a1a138340fb62fa21b9bf4848437d9ca60bd35db36f2d3345f373
  requires_dist:
  - cffi>=1.11 ; platform_python_implementation == 'PyPy'
  - cffi>=1.11 ; extra == 'cffi'
  requires_python: '>=3.8'
